<?xml version="1.0" encoding="utf-8"?>
<Project ToolsVersion="4.0" xmlns="http://schemas.microsoft.com/developer/msbuild/2003">
  <ItemGroup>
    <Filter Include="Source Files">
      <UniqueIdentifier>{4FC737F1-C7A5-4376-A066-2A32D752A2FF}</UniqueIdentifier>
      <Extensions>cpp;c;cc;cxx;def;odl;idl;hpj;bat;asm;asmx</Extensions>
    </Filter>
    <Filter Include="Header Files">
      <UniqueIdentifier>{93995380-89BD-4b04-88EB-625FBE52EBFB}</UniqueIdentifier>
      <Extensions>h;hh;hpp;hxx;hm;inl;inc;xsd</Extensions>
    </Filter>
    <Filter Include="Resource Files">
      <UniqueIdentifier>{67DA6AB6-F800-4c08-8B7A-83BB121AAD01}</UniqueIdentifier>
      <Extensions>rc;ico;cur;bmp;dlg;rc2;rct;bin;rgs;gif;jpg;jpeg;jpe;resx;tiff;tif;png;wav;mfcribbon-ms</Extensions>
    </Filter>
    <Filter Include="Header Files\wsutil">
      <UniqueIdentifier>{d62cce2d-3498-45b3-ac0f-7ce742644951}</UniqueIdentifier>
    </Filter>
    <Filter Include="Source Files\wsutil">
      <UniqueIdentifier>{3a91f723-974d-441c-86ec-2729cbf3c866}</UniqueIdentifier>
    </Filter>
  </ItemGroup>
  <ItemGroup>
    <Text Include="ReadMe.txt" />
  </ItemGroup>
  <ItemGroup>
    <ClInclude Include="stdafx.h">
      <Filter>Header Files</Filter>
    </ClInclude>
    <ClInclude Include="targetver.h">
      <Filter>Header Files</Filter>
    </ClInclude>
    <ClInclude Include="schemas.microsoft.com.2003.10.Serialization.xsd.h">
      <Filter>Header Files\wsutil</Filter>
    </ClInclude>
    <ClInclude Include="schemas.microsoft.com.2003.10.Serialization.Arrays.xsd.h">
      <Filter>Header Files\wsutil</Filter>
    </ClInclude>
    <ClInclude Include="tempuri.org.wsdl.h">
      <Filter>Header Files\wsutil</Filter>
    </ClInclude>
    <ClInclude Include="tempuri.org.xsd.h">
      <Filter>Header Files\wsutil</Filter>
    </ClInclude>
    <ClInclude Include="MainMenu.h">
      <Filter>Header Files</Filter>
    </ClInclude>
    <ClInclude Include="Status.h">
      <Filter>Header Files</Filter>
    </ClInclude>
    <ClInclude Include="Maintenance.h">
      <Filter>Header Files</Filter>
    </ClInclude>
    <ClInclude Include="GetInformationAboutMethods.h">
      <Filter>Header Files</Filter>
    </ClInclude>
    <ClInclude Include="GetInformationAboutRunsets.h">
      <Filter>Header Files</Filter>
    </ClInclude>
    <ClInclude Include="PrepareAndRunAssays.h">
      <Filter>Header Files</Filter>
    </ClInclude>
  </ItemGroup>
  <ItemGroup>
    <ClCompile Include="stdafx.cpp">
      <Filter>Source Files</Filter>
    </ClCompile>
    <ClCompile Include="schemas.microsoft.com.2003.10.Serialization.Arrays.xsd.c">
      <Filter>Source Files\wsutil</Filter>
    </ClCompile>
    <ClCompile Include="schemas.microsoft.com.2003.10.Serialization.xsd.c">
      <Filter>Source Files\wsutil</Filter>
    </ClCompile>
    <ClCompile Include="tempuri.org.wsdl.c">
      <Filter>Source Files\wsutil</Filter>
    </ClCompile>
    <ClCompile Include="tempuri.org.xsd.c">
      <Filter>Source Files\wsutil</Filter>
    </ClCompile>
    <ClCompile Include="Main.cpp">
      <Filter>Source Files</Filter>
    </ClCompile>
    <ClCompile Include="MainMenu.cpp">
      <Filter>Source Files</Filter>
    </ClCompile>
    <ClCompile Include="Status.cpp">
      <Filter>Source Files</Filter>
    </ClCompile>
    <ClCompile Include="Maintenance.cpp">
      <Filter>Source Files</Filter>
    </ClCompile>
    <ClCompile Include="GetInformationAboutMethods.cpp">
      <Filter>Source Files</Filter>
    </ClCompile>
    <ClCompile Include="GetInformationAboutRunsets.cpp">
      <Filter>Source Files</Filter>
    </ClCompile>
    <ClCompile Include="PrepareAndRunAssays.cpp">
      <Filter>Source Files</Filter>
    </ClCompile>
  </ItemGroup>
</Project>